
Microsoft Visual Studio Solution File, Format Version 12.00
# Visual Studio Version 17
VisualStudioVersion = 17.0.31903.59
MinimumVisualStudioVersion = 10.0.40219.1
Project("{2150E333-8FDC-42A3-9474-1A3956D46DE8}") = "src", "src", "{50E87374-34C2-4B5F-BF1B-7E491E9C0ECB}"
EndProject
Project("{2150E333-8FDC-42A3-9474-1A3956D46DE8}") = "BuildingBlocks", "BuildingBlocks", "{4BE84141-1E8A-409B-B6C6-52A91203CFC0}"
EndProject
Project("{2150E333-8FDC-42A3-9474-1A3956D46DE8}") = "Contracts", "Contracts", "{6F46A775-CD66-4770-A18F-A8009C074CD6}"
EndProject
Project("{2150E333-8FDC-42A3-9474-1A3956D46DE8}") = "Services", "Services", "{480D719D-79FF-4D6B-926A-305E1223556A}"
EndProject
Project("{2150E333-8FDC-42A3-9474-1A3956D46DE8}") = "Ordering", "Ordering", "{1B69BD9D-0D4D-4645-BB1A-B11B4605A945}"
EndProject
Project("{2150E333-8FDC-42A3-9474-1A3956D46DE8}") = "Inventory", "Inventory", "{B0722F56-B37F-47AE-9443-53ED74A92C01}"
EndProject
Project("{2150E333-8FDC-42A3-9474-1A3956D46DE8}") = "ExternalSystems", "ExternalSystems", "{D043FE82-D7E6-447B-A2E6-E20EED61BA83}"
EndProject
Project("{9A19103F-16F7-4668-BE54-9A1E7A4F7556}") = "BuildingBlocks.Abstractions", "src\BuildingBlocks\BuildingBlocks.Abstractions\BuildingBlocks.Abstractions.csproj", "{30FFE4AE-2438-4A6A-8005-D931542709D9}"
EndProject
Project("{9A19103F-16F7-4668-BE54-9A1E7A4F7556}") = "BuildingBlocks.Application", "src\BuildingBlocks\BuildingBlocks.Application\BuildingBlocks.Application.csproj", "{155FD0C8-63D8-41C4-9BA7-F4ADD148AC97}"
EndProject
Project("{9A19103F-16F7-4668-BE54-9A1E7A4F7556}") = "BuildingBlocks.Infrastructure", "src\BuildingBlocks\BuildingBlocks.Infrastructure\BuildingBlocks.Infrastructure.csproj", "{6FC99B23-1394-4AB4-9FBB-DC6518728F90}"
EndProject
Project("{9A19103F-16F7-4668-BE54-9A1E7A4F7556}") = "Contracts.IntegrationEvents", "src\Contracts\Contracts.IntegrationEvents\Contracts.IntegrationEvents.csproj", "{39484991-D5C7-4B8A-94F8-C526C1074AD7}"
EndProject
Project("{9A19103F-16F7-4668-BE54-9A1E7A4F7556}") = "Contracts.Grpc", "src\Contracts\Contracts.Grpc\Contracts.Grpc.csproj", "{97EDD6D3-84F3-4337-9A05-742428378773}"
EndProject
Project("{9A19103F-16F7-4668-BE54-9A1E7A4F7556}") = "Ordering.Domain", "src\Services\Ordering\Ordering.Domain\Ordering.Domain.csproj", "{41989F47-8CD2-47BC-AF14-11FC18F9E1FC}"
EndProject
Project("{9A19103F-16F7-4668-BE54-9A1E7A4F7556}") = "Ordering.Application", "src\Services\Ordering\Ordering.Application\Ordering.Application.csproj", "{FD31B8B1-D82A-42A8-A1D4-9AEA88934854}"
EndProject
Project("{9A19103F-16F7-4668-BE54-9A1E7A4F7556}") = "Ordering.Infrastructure", "src\Services\Ordering\Ordering.Infrastructure\Ordering.Infrastructure.csproj", "{78461858-39B4-40DB-8FC0-F7FF2619514E}"
EndProject
Project("{9A19103F-16F7-4668-BE54-9A1E7A4F7556}") = "Ordering.Api", "src\Services\Ordering\Ordering.Api\Ordering.Api.csproj", "{B411006E-56F4-47F2-8DDA-BC400D29E28F}"
EndProject
Project("{9A19103F-16F7-4668-BE54-9A1E7A4F7556}") = "Inventory.Domain", "src\Services\Inventory\Inventory.Domain\Inventory.Domain.csproj", "{C6C31A6E-5455-418B-A62D-8B7C779C3697}"
EndProject
Project("{9A19103F-16F7-4668-BE54-9A1E7A4F7556}") = "Inventory.Application", "src\Services\Inventory\Inventory.Application\Inventory.Application.csproj", "{977CFFB6-368C-42ED-B001-03D8946AFC0A}"
EndProject
Project("{9A19103F-16F7-4668-BE54-9A1E7A4F7556}") = "Inventory.Infrastructure", "src\Services\Inventory\Inventory.Infrastructure\Inventory.Infrastructure.csproj", "{58D57E33-3E76-4DED-8DEB-5C513199631C}"
EndProject
Project("{9A19103F-16F7-4668-BE54-9A1E7A4F7556}") = "Inventory.Api", "src\Services\Inventory\Inventory.Api\Inventory.Api.csproj", "{2FE39D68-0FD8-4630-BBD3-85E8CC2BF64A}"
EndProject
Project("{9A19103F-16F7-4668-BE54-9A1E7A4F7556}") = "LegacyErp.Mock", "src\ExternalSystems\LegacyErp.Mock\LegacyErp.Mock.csproj", "{65431497-220E-41FE-8F31-E0B092B8D806}"
EndProject
Global
	GlobalSection(SolutionConfigurationPlatforms) = preSolution
		Debug|Any CPU = Debug|Any CPU
		Release|Any CPU = Release|Any CPU
	EndGlobalSection
	GlobalSection(ProjectConfigurationPlatforms) = postSolution
		{30FFE4AE-2438-4A6A-8005-D931542709D9}.Debug|Any CPU.ActiveCfg = Debug|Any CPU
		{30FFE4AE-2438-4A6A-8005-D931542709D9}.Debug|Any CPU.Build.0 = Debug|Any CPU
		{30FFE4AE-2438-4A6A-8005-D931542709D9}.Release|Any CPU.ActiveCfg = Release|Any CPU
		{30FFE4AE-2438-4A6A-8005-D931542709D9}.Release|Any CPU.Build.0 = Release|Any CPU
		{155FD0C8-63D8-41C4-9BA7-F4ADD148AC97}.Debug|Any CPU.ActiveCfg = Debug|Any CPU
		{155FD0C8-63D8-41C4-9BA7-F4ADD148AC97}.Debug|Any CPU.Build.0 = Debug|Any CPU
		{155FD0C8-63D8-41C4-9BA7-F4ADD148AC97}.Release|Any CPU.ActiveCfg = Release|Any CPU
		{155FD0C8-63D8-41C4-9BA7-F4ADD148AC97}.Release|Any CPU.Build.0 = Release|Any CPU
		{6FC99B23-1394-4AB4-9FBB-DC6518728F90}.Debug|Any CPU.ActiveCfg = Debug|Any CPU
		{6FC99B23-1394-4AB4-9FBB-DC6518728F90}.Debug|Any CPU.Build.0 = Debug|Any CPU
		{6FC99B23-1394-4AB4-9FBB-DC6518728F90}.Release|Any CPU.ActiveCfg = Release|Any CPU
		{6FC99B23-1394-4AB4-9FBB-DC6518728F90}.Release|Any CPU.Build.0 = Release|Any CPU
		{39484991-D5C7-4B8A-94F8-C526C1074AD7}.Debug|Any CPU.ActiveCfg = Debug|Any CPU
		{39484991-D5C7-4B8A-94F8-C526C1074AD7}.Debug|Any CPU.Build.0 = Debug|Any CPU
		{39484991-D5C7-4B8A-94F8-C526C1074AD7}.Release|Any CPU.ActiveCfg = Release|Any CPU
		{39484991-D5C7-4B8A-94F8-C526C1074AD7}.Release|Any CPU.Build.0 = Release|Any CPU
		{97EDD6D3-84F3-4337-9A05-742428378773}.Debug|Any CPU.ActiveCfg = Debug|Any CPU
		{97EDD6D3-84F3-4337-9A05-742428378773}.Debug|Any CPU.Build.0 = Debug|Any CPU
		{97EDD6D3-84F3-4337-9A05-742428378773}.Release|Any CPU.ActiveCfg = Release|Any CPU
		{97EDD6D3-84F3-4337-9A05-742428378773}.Release|Any CPU.Build.0 = Release|Any CPU
		{41989F47-8CD2-47BC-AF14-11FC18F9E1FC}.Debug|Any CPU.ActiveCfg = Debug|Any CPU
		{41989F47-8CD2-47BC-AF14-11FC18F9E1FC}.Debug|Any CPU.Build.0 = Debug|Any CPU
		{41989F47-8CD2-47BC-AF14-11FC18F9E1FC}.Release|Any CPU.ActiveCfg = Release|Any CPU
		{41989F47-8CD2-47BC-AF14-11FC18F9E1FC}.Release|Any CPU.Build.0 = Release|Any CPU
		{FD31B8B1-D82A-42A8-A1D4-9AEA88934854}.Debug|Any CPU.ActiveCfg = Debug|Any CPU
		{FD31B8B1-D82A-42A8-A1D4-9AEA88934854}.Debug|Any CPU.Build.0 = Debug|Any CPU
		{FD31B8B1-D82A-42A8-A1D4-9AEA88934854}.Release|Any CPU.ActiveCfg = Release|Any CPU
		{FD31B8B1-D82A-42A8-A1D4-9AEA88934854}.Release|Any CPU.Build.0 = Release|Any CPU
		{78461858-39B4-40DB-8FC0-F7FF2619514E}.Debug|Any CPU.ActiveCfg = Debug|Any CPU
		{78461858-39B4-40DB-8FC0-F7FF2619514E}.Debug|Any CPU.Build.0 = Debug|Any CPU
		{78461858-39B4-40DB-8FC0-F7FF2619514E}.Release|Any CPU.ActiveCfg = Release|Any CPU
		{78461858-39B4-40DB-8FC0-F7FF2619514E}.Release|Any CPU.Build.0 = Release|Any CPU
		{B411006E-56F4-47F2-8DDA-BC400D29E28F}.Debug|Any CPU.ActiveCfg = Debug|Any CPU
		{B411006E-56F4-47F2-8DDA-BC400D29E28F}.Debug|Any CPU.Build.0 = Debug|Any CPU
		{B411006E-56F4-47F2-8DDA-BC400D29E28F}.Release|Any CPU.ActiveCfg = Release|Any CPU
		{B411006E-56F4-47F2-8DDA-BC400D29E28F}.Release|Any CPU.Build.0 = Release|Any CPU
		{C6C31A6E-5455-418B-A62D-8B7C779C3697}.Debug|Any CPU.ActiveCfg = Debug|Any CPU
		{C6C31A6E-5455-418B-A62D-8B7C779C3697}.Debug|Any CPU.Build.0 = Debug|Any CPU
		{C6C31A6E-5455-418B-A62D-8B7C779C3697}.Release|Any CPU.ActiveCfg = Release|Any CPU
		{C6C31A6E-5455-418B-A62D-8B7C779C3697}.Release|Any CPU.Build.0 = Release|Any CPU
		{977CFFB6-368C-42ED-B001-03D8946AFC0A}.Debug|Any CPU.ActiveCfg = Debug|Any CPU
		{977CFFB6-368C-42ED-B001-03D8946AFC0A}.Debug|Any CPU.Build.0 = Debug|Any CPU
		{977CFFB6-368C-42ED-B001-03D8946AFC0A}.Release|Any CPU.ActiveCfg = Release|Any CPU
		{977CFFB6-368C-42ED-B001-03D8946AFC0A}.Release|Any CPU.Build.0 = Release|Any CPU
		{58D57E33-3E76-4DED-8DEB-5C513199631C}.Debug|Any CPU.ActiveCfg = Debug|Any CPU
		{58D57E33-3E76-4DED-8DEB-5C513199631C}.Debug|Any CPU.Build.0 = Debug|Any CPU
		{58D57E33-3E76-4DED-8DEB-5C513199631C}.Release|Any CPU.ActiveCfg = Release|Any CPU
		{58D57E33-3E76-4DED-8DEB-5C513199631C}.Release|Any CPU.Build.0 = Release|Any CPU
		{2FE39D68-0FD8-4630-BBD3-85E8CC2BF64A}.Debug|Any CPU.ActiveCfg = Debug|Any CPU
		{2FE39D68-0FD8-4630-BBD3-85E8CC2BF64A}.Debug|Any CPU.Build.0 = Debug|Any CPU
		{2FE39D68-0FD8-4630-BBD3-85E8CC2BF64A}.Release|Any CPU.ActiveCfg = Release|Any CPU
		{2FE39D68-0FD8-4630-BBD3-85E8CC2BF64A}.Release|Any CPU.Build.0 = Release|Any CPU
		{65431497-220E-41FE-8F31-E0B092B8D806}.Debug|Any CPU.ActiveCfg = Debug|Any CPU
		{65431497-220E-41FE-8F31-E0B092B8D806}.Debug|Any CPU.Build.0 = Debug|Any CPU
		{65431497-220E-41FE-8F31-E0B092B8D806}.Release|Any CPU.ActiveCfg = Release|Any CPU
		{65431497-220E-41FE-8F31-E0B092B8D806}.Release|Any CPU.Build.0 = Release|Any CPU
	EndGlobalSection
	GlobalSection(SolutionProperties) = preSolution
		HideSolutionNode = FALSE
	EndGlobalSection
	GlobalSection(NestedProjects) = preSolution
		{4BE84141-1E8A-409B-B6C6-52A91203CFC0} = {50E87374-34C2-4B5F-BF1B-7E491E9C0ECB}
		{6F46A775-CD66-4770-A18F-A8009C074CD6} = {50E87374-34C2-4B5F-BF1B-7E491E9C0ECB}
		{480D719D-79FF-4D6B-926A-305E1223556A} = {50E87374-34C2-4B5F-BF1B-7E491E9C0ECB}
		{1B69BD9D-0D4D-4645-BB1A-B11B4605A945} = {480D719D-79FF-4D6B-926A-305E1223556A}
		{B0722F56-B37F-47AE-9443-53ED74A92C01} = {480D719D-79FF-4D6B-926A-305E1223556A}
		{D043FE82-D7E6-447B-A2E6-E20EED61BA83} = {50E87374-34C2-4B5F-BF1B-7E491E9C0ECB}
		{30FFE4AE-2438-4A6A-8005-D931542709D9} = {4BE84141-1E8A-409B-B6C6-52A91203CFC0}
		{155FD0C8-63D8-41C4-9BA7-F4ADD148AC97} = {4BE84141-1E8A-409B-B6C6-52A91203CFC0}
		{6FC99B23-1394-4AB4-9FBB-DC6518728F90} = {4BE84141-1E8A-409B-B6C6-52A91203CFC0}
		{39484991-D5C7-4B8A-94F8-C526C1074AD7} = {6F46A775-CD66-4770-A18F-A8009C074CD6}
		{97EDD6D3-84F3-4337-9A05-742428378773} = {6F46A775-CD66-4770-A18F-A8009C074CD6}
		{41989F47-8CD2-47BC-AF14-11FC18F9E1FC} = {1B69BD9D-0D4D-4645-BB1A-B11B4605A945}
		{FD31B8B1-D82A-42A8-A1D4-9AEA88934854} = {1B69BD9D-0D4D-4645-BB1A-B11B4605A945}
		{78461858-39B4-40DB-8FC0-F7FF2619514E} = {1B69BD9D-0D4D-4645-BB1A-B11B4605A945}
		{B411006E-56F4-47F2-8DDA-BC400D29E28F} = {1B69BD9D-0D4D-4645-BB1A-B11B4605A945}
		{C6C31A6E-5455-418B-A62D-8B7C779C3697} = {B0722F56-B37F-47AE-9443-53ED74A92C01}
		{977CFFB6-368C-42ED-B001-03D8946AFC0A} = {B0722F56-B37F-47AE-9443-53ED74A92C01}
		{58D57E33-3E76-4DED-8DEB-5C513199631C} = {B0722F56-B37F-47AE-9443-53ED74A92C01}
		{2FE39D68-0FD8-4630-BBD3-85E8CC2BF64A} = {B0722F56-B37F-47AE-9443-53ED74A92C01}
		{65431497-220E-41FE-8F31-E0B092B8D806} = {D043FE82-D7E6-447B-A2E6-E20EED61BA83}
	EndGlobalSection
EndGlobal
